
Microsoft Visual Studio Solution File, Format Version 12.00
# Visual Studio Version 16
VisualStudioVersion = 16.0.30204.135
MinimumVisualStudioVersion = 10.0.40219.1
Project("{FAE04EC0-301F-11D3-BF4B-00C04F79EFBC}") = "MicroserviceOne", "src\MicroserviceOne\MicroserviceOne.csproj", "{95C3BDA6-29F8-4220-9835-20C89331DE37}"
EndProject
Project("{FAE04EC0-301F-11D3-BF4B-00C04F79EFBC}") = "MicroserviceTwo", "src\MicroserviceTwo\MicroserviceTwo.csproj", "{EDD759CC-6637-4E20-B2A4-395AD69D5F57}"
EndProject
Project("{FAE04EC0-301F-11D3-BF4B-00C04F79EFBC}") = "ApiGateway", "src\ApiGateway\ApiGateway.csproj", "{987E8BDD-A5FC-44C8-90DD-9C313B1CF454}"
EndProject
Global
	GlobalSection(SolutionConfigurationPlatforms) = preSolution
		Debug|Any CPU = Debug|Any CPU
		Release|Any CPU = Release|Any CPU
	EndGlobalSection
	GlobalSection(ProjectConfigurationPlatforms) = postSolution
		{95C3BDA6-29F8-4220-9835-20C89331DE37}.Debug|Any CPU.ActiveCfg = Debug|Any CPU
		{95C3BDA6-29F8-4220-9835-20C89331DE37}.Debug|Any CPU.Build.0 = Debug|Any CPU
		{95C3BDA6-29F8-4220-9835-20C89331DE37}.Release|Any CPU.ActiveCfg = Release|Any CPU
		{95C3BDA6-29F8-4220-9835-20C89331DE37}.Release|Any CPU.Build.0 = Release|Any CPU
		{EDD759CC-6637-4E20-B2A4-395AD69D5F57}.Debug|Any CPU.ActiveCfg = Debug|Any CPU
		{EDD759CC-6637-4E20-B2A4-395AD69D5F57}.Debug|Any CPU.Build.0 = Debug|Any CPU
		{EDD759CC-6637-4E20-B2A4-395AD69D5F57}.Release|Any CPU.ActiveCfg = Release|Any CPU
		{EDD759CC-6637-4E20-B2A4-395AD69D5F57}.Release|Any CPU.Build.0 = Release|Any CPU
		{987E8BDD-A5FC-44C8-90DD-9C313B1CF454}.Debug|Any CPU.ActiveCfg = Debug|Any CPU
		{987E8BDD-A5FC-44C8-90DD-9C313B1CF454}.Debug|Any CPU.Build.0 = Debug|Any CPU
		{987E8BDD-A5FC-44C8-90DD-9C313B1CF454}.Release|Any CPU.ActiveCfg = Release|Any CPU
		{987E8BDD-A5FC-44C8-90DD-9C313B1CF454}.Release|Any CPU.Build.0 = Release|Any CPU
	EndGlobalSection
	GlobalSection(SolutionProperties) = preSolution
		HideSolutionNode = FALSE
	EndGlobalSection
	GlobalSection(ExtensibilityGlobals) = postSolution
		SolutionGuid = {1BBE70DA-F18A-449A-ABAD-8A231DBBDA40}
	EndGlobalSection
EndGlobal
